
Microsoft Visual Studio Solution File, Format Version 12.00
# Visual Studio 14
VisualStudioVersion = 14.0.25123.0
MinimumVisualStudioVersion = 10.0.40219.1
Project("{2150E333-8FDC-42A3-9474-1A3956D46DE8}") = "ExternalLibraries", "ExternalLibraries", "{59E62F2A-9B38-413B-B5FA-9FC22F05E482}"
	ProjectSection(SolutionItems) = preProject
		ExternalLibraries\itextsharp.dll = ExternalLibraries\itextsharp.dll
	EndProjectSection
EndProject
Project("{FAE04EC0-301F-11D3-BF4B-00C04F79EFBC}") = "InvoiceReader", "InvoiceReader\InvoiceReader.csproj", "{B7B2BCA3-3292-4982-A33F-B8268AAC75EB}"
EndProject
Project("{FAE04EC0-301F-11D3-BF4B-00C04F79EFBC}") = "InvoiceReader.WindowsForm", "InvoiceReader.WindowsForm\InvoiceReader.WindowsForm.csproj", "{B0A51D30-3022-4DDE-84A7-503DE6400F39}"
EndProject
Global
	GlobalSection(SolutionConfigurationPlatforms) = preSolution
		Debug|Any CPU = Debug|Any CPU
		Release|Any CPU = Release|Any CPU
	EndGlobalSection
	GlobalSection(ProjectConfigurationPlatforms) = postSolution
		{B7B2BCA3-3292-4982-A33F-B8268AAC75EB}.Debug|Any CPU.ActiveCfg = Debug|Any CPU
		{B7B2BCA3-3292-4982-A33F-B8268AAC75EB}.Debug|Any CPU.Build.0 = Debug|Any CPU
		{B7B2BCA3-3292-4982-A33F-B8268AAC75EB}.Release|Any CPU.ActiveCfg = Release|Any CPU
		{B7B2BCA3-3292-4982-A33F-B8268AAC75EB}.Release|Any CPU.Build.0 = Release|Any CPU
		{B0A51D30-3022-4DDE-84A7-503DE6400F39}.Debug|Any CPU.ActiveCfg = Debug|Any CPU
		{B0A51D30-3022-4DDE-84A7-503DE6400F39}.Debug|Any CPU.Build.0 = Debug|Any CPU
		{B0A51D30-3022-4DDE-84A7-503DE6400F39}.Release|Any CPU.ActiveCfg = Release|Any CPU
		{B0A51D30-3022-4DDE-84A7-503DE6400F39}.Release|Any CPU.Build.0 = Release|Any CPU
	EndGlobalSection
	GlobalSection(SolutionProperties) = preSolution
		HideSolutionNode = FALSE
	EndGlobalSection
EndGlobal
